{
  "name": "playwright-automation-hub",
  "version": "1.0.0",
  "lockfileVersion": 3,
  "requires": true,
  "packages": {
    "": {
      "name": "playwright-automation-hub",
      "version": "1.0.0",
      "license": "QARP",
      "bin": {
        "playwright-hub": "runner-server.js"
      }
    }
  }
}
